
Microsoft Visual Studio Solution File, Format Version 12.00
# Visual Studio Version 16
VisualStudioVersion = 16.0.29519.181
MinimumVisualStudioVersion = 10.0.40219.1
Project("{FAE04EC0-301F-11D3-BF4B-00C04F79EFBC}") = "Meds-Server", "Meds-Server\Meds-Server.csproj", "{28F24BAB-AF70-4760-9C68-4207E441F508}"
EndProject
Global
	GlobalSection(SolutionConfigurationPlatforms) = preSolution
		Debug|Any CPU = Debug|Any CPU
		Release|Any CPU = Release|Any CPU
	EndGlobalSection
	GlobalSection(ProjectConfigurationPlatforms) = postSolution
		{28F24BAB-AF70-4760-9C68-4207E441F508}.Debug|Any CPU.ActiveCfg = Debug|Any CPU
		{28F24BAB-AF70-4760-9C68-4207E441F508}.Debug|Any CPU.Build.0 = Debug|Any CPU
		{28F24BAB-AF70-4760-9C68-4207E441F508}.Release|Any CPU.ActiveCfg = Release|Any CPU
		{28F24BAB-AF70-4760-9C68-4207E441F508}.Release|Any CPU.Build.0 = Release|Any CPU
	EndGlobalSection
	GlobalSection(SolutionProperties) = preSolution
		HideSolutionNode = FALSE
	EndGlobalSection
	GlobalSection(ExtensibilityGlobals) = postSolution
		SolutionGuid = {CDB74A10-884B-45E7-B058-7C8C880EE19B}
	EndGlobalSection
EndGlobal
